
Microsoft Visual Studio Solution File, Format Version 12.00
# Visual Studio Version 16
VisualStudioVersion = 16.0.30517.126
MinimumVisualStudioVersion = 10.0.40219.1
Project("{9A19103F-16F7-4668-BE54-9A1E7A4F7556}") = "Butik-User", "Butik-User\Butik-User.csproj", "{3BCF0AB7-35B8-4A61-858F-4ABE2AA8057B}"
EndProject
Project("{9A19103F-16F7-4668-BE54-9A1E7A4F7556}") = "Butik-Admin", "Butik-Admin\Butik-Admin.csproj", "{71F13D17-71F4-4AB1-B3F8-9FEAA6798C5E}"
EndProject
Project("{2150E333-8FDC-42A3-9474-1A3956D46DE8}") = "Images", "Images", "{3D69A8B7-952F-4C7C-9ADB-394B292EB398}"
	ProjectSection(SolutionItems) = preProject
		..\..\..\..\OneDrive\Skrivbord\banana.jpg = ..\..\..\..\OneDrive\Skrivbord\banana.jpg
		..\..\..\..\OneDrive\Skrivbord\broccoli.jpg = ..\..\..\..\OneDrive\Skrivbord\broccoli.jpg
		..\..\..\..\OneDrive\Skrivbord\oranges.jpg = ..\..\..\..\OneDrive\Skrivbord\oranges.jpg
	EndProjectSection
EndProject
Project("{2150E333-8FDC-42A3-9474-1A3956D46DE8}") = "TextFiles", "TextFiles", "{410D7501-789E-4108-B87D-4BB01A0BABBF}"
	ProjectSection(SolutionItems) = preProject
		LoadProducts.csv = LoadProducts.csv
	EndProjectSection
EndProject
Global
	GlobalSection(SolutionConfigurationPlatforms) = preSolution
		Debug|Any CPU = Debug|Any CPU
		Release|Any CPU = Release|Any CPU
	EndGlobalSection
	GlobalSection(ProjectConfigurationPlatforms) = postSolution
		{3BCF0AB7-35B8-4A61-858F-4ABE2AA8057B}.Debug|Any CPU.ActiveCfg = Debug|Any CPU
		{3BCF0AB7-35B8-4A61-858F-4ABE2AA8057B}.Debug|Any CPU.Build.0 = Debug|Any CPU
		{3BCF0AB7-35B8-4A61-858F-4ABE2AA8057B}.Release|Any CPU.ActiveCfg = Release|Any CPU
		{3BCF0AB7-35B8-4A61-858F-4ABE2AA8057B}.Release|Any CPU.Build.0 = Release|Any CPU
		{71F13D17-71F4-4AB1-B3F8-9FEAA6798C5E}.Debug|Any CPU.ActiveCfg = Debug|Any CPU
		{71F13D17-71F4-4AB1-B3F8-9FEAA6798C5E}.Debug|Any CPU.Build.0 = Debug|Any CPU
		{71F13D17-71F4-4AB1-B3F8-9FEAA6798C5E}.Release|Any CPU.ActiveCfg = Release|Any CPU
		{71F13D17-71F4-4AB1-B3F8-9FEAA6798C5E}.Release|Any CPU.Build.0 = Release|Any CPU
	EndGlobalSection
	GlobalSection(SolutionProperties) = preSolution
		HideSolutionNode = FALSE
	EndGlobalSection
	GlobalSection(ExtensibilityGlobals) = postSolution
		SolutionGuid = {BB669ECE-79DC-4CB0-A184-F9D76443B53A}
	EndGlobalSection
EndGlobal
